
Microsoft Visual Studio Solution File, Format Version 12.00
# Visual Studio Version 17
VisualStudioVersion = 17.4.33205.214
MinimumVisualStudioVersion = 10.0.40219.1
Project("{FAE04EC0-301F-11D3-BF4B-00C04F79EFBC}") = "ClinicaVetRH", "ClinicaVetRH\ClinicaVetRH.csproj", "{AD812803-67D7-4983-9CDB-AF383D949811}"
EndProject
Global
	GlobalSection(SolutionConfigurationPlatforms) = preSolution
		Debug|Any CPU = Debug|Any CPU
		Release|Any CPU = Release|Any CPU
	EndGlobalSection
	GlobalSection(ProjectConfigurationPlatforms) = postSolution
		{AD812803-67D7-4983-9CDB-AF383D949811}.Debug|Any CPU.ActiveCfg = Debug|Any CPU
		{AD812803-67D7-4983-9CDB-AF383D949811}.Debug|Any CPU.Build.0 = Debug|Any CPU
		{AD812803-67D7-4983-9CDB-AF383D949811}.Release|Any CPU.ActiveCfg = Release|Any CPU
		{AD812803-67D7-4983-9CDB-AF383D949811}.Release|Any CPU.Build.0 = Release|Any CPU
	EndGlobalSection
	GlobalSection(SolutionProperties) = preSolution
		HideSolutionNode = FALSE
	EndGlobalSection
	GlobalSection(ExtensibilityGlobals) = postSolution
		SolutionGuid = {FD66F7FD-A6B9-49CC-84A2-BECB496638DE}
	EndGlobalSection
EndGlobal
